github.com/dgrijalva/jwt-go v1.0.2/go.mod h1:E3ru+11k8xSBh+hMPgOLZmtrrCbhqsmaPHjLKYnJCaQ=
github.com/dgrijalva/jwt-go v3.2.0+incompatible h1:7qlOGliEKZXTDg6OTjfoBKDXWrumCAMpl/TFQ4/5kLM=
github.com/dgrijalva/jwt-go v3.2.0+incompatible/go.mod h1:E3ru+11k8xSBh+hMPgOLZmtrrCbhqsmaPHjLKYnJCaQ=
github.com/greatfocus/gf-frame v0.0.0-20200627200622-c17b0e46bece h1:bQvVTEvrlBMgp2gAtEnGvBZbQghOhhvMGY3v+hlFIe8=
github.com/greatfocus/gf-frame v0.0.0-20200627200622-c17b0e46bece/go.mod h1:r0qVafM5n1FdeMnXfe+fNIIqpzbecA5yBSG0lIKeZLU=
github.com/greatfocus/gf-frame v1.0.0-beta1 h1:UL1RJR98gzqQgRU18uo1QThYMQuJwLYDytC/9QP8Kls=
github.com/greatfocus/gf-frame v1.0.0-beta1/go.mod h1:mAVrDr1OpkplaiHwW+g+hWUEcDXdKvKGamsscoGztgs=
github.com/greatfocus/gf-frame v1.0.0-beta10 h1:BPUIu7zB1FqMzGP6Xa7yYHRRBMzpdKMAOM53lPs8Aqw=
github.com/greatfocus/gf-frame v1.0.0-beta10/go.mod h1:mAVrDr1OpkplaiHwW+g+hWUEcDXdKvKGamsscoGztgs=
github.com/greatfocus/gf-frame v1.0.0-beta11 h1:N5y8zJNHMR+SdrJBJetjEf3VTiWTkQyd0FgrHYFRbk8=
github.com/greatfocus/gf-frame v1.0.0-beta11/go.mod h1:mAVrDr1OpkplaiHwW+g+hWUEcDXdKvKGamsscoGztgs=
github.com/greatfocus/gf-frame v1.0.0-beta18 h1:nhnV1Z086eONTRC7vg5YNmTEpwc6M9T90ZO9W812k7s=
github.com/greatfocus/gf-frame v1.0.0-beta18/go.mod h1:mAVrDr1OpkplaiHwW+g+hWUEcDXdKvKGamsscoGztgs=
github.com/greatfocus/gf-frame v1.0.0-beta2 h1:JtdHE3kQL0NG4Bnu2nWcFkvMvkjWJba6DbV+SHRBuic=
github.com/greatfocus/gf-frame v1.0.0-beta2/go.mod h1:mAVrDr1OpkplaiHwW+g+hWUEcDXdKvKGamsscoGztgs=
github.com/greatfocus/gf-frame v1.0.0-beta28 h1:rchs4y3eKfW3dfx3NF04PHcKt+ysoqht2DbqTJGtVzU=
github.com/greatfocus/gf-frame v1.0.0-beta28/go.mod h1:mAVrDr1OpkplaiHwW+g+hWUEcDXdKvKGamsscoGztgs=
github.com/greatfocus/gf-frame v1.0.0-beta29 h1:bxc6XfKwtOg/FpaKdoiQZfCmXeeIxgcMBFb1H5BCnwY=
github.com/greatfocus/gf-frame v1.0.0-beta29/go.mod h1:mAVrDr1OpkplaiHwW+g+hWUEcDXdKvKGamsscoGztgs=
github.com/greatfocus/gf-frame v1.0.0-beta3 h1:Snfe/uefoUcAb7k9cV12OGwZk3Gb063xFnx7CW2Rj/A=
github.com/greatfocus/gf-frame v1.0.0-beta3/go.mod h1:mAVrDr1OpkplaiHwW+g+hWUEcDXdKvKGamsscoGztgs=
github.com/greatfocus/gf-frame v1.0.0-beta30 h1:oi58+ZKKHDwKDWvQhkV6wiPVrMymEEXd6xKWT5vbIQA=
github.com/greatfocus/gf-frame v1.0.0-beta30/go.mod h1:mAVrDr1OpkplaiHwW+g+hWUEcDXdKvKGamsscoGztgs=
github.com/greatfocus/gf-frame v1.0.0-beta31 h1:i4mtTP+k5esJCHjd+VuNZKjuSIiHNqPG3nl8HPCqzFE=
github.com/greatfocus/gf-frame v1.0.0-beta31/go.mod h1:mAVrDr1OpkplaiHwW+g+hWUEcDXdKvKGamsscoGztgs=
github.com/greatfocus/gf-frame v1.0.0-beta32 h1:Nl+Wonrv99VVdbHXoMRnV57+3lgsNzBn9RdZt6k7uZY=
github.com/greatfocus/gf-frame v1.0.0-beta32/go.mod h1:mAVrDr1OpkplaiHwW+g+hWUEcDXdKvKGamsscoGztgs=
github.com/greatfocus/gf-frame v1.0.0-beta4 h1:BcmW823mTeZMz7dzJBETfeKajaZzKuBGspLrd1beTCU=
github.com/greatfocus/gf-frame v1.0.0-beta4/go.mod h1:mAVrDr1OpkplaiHwW+g+hWUEcDXdKvKGamsscoGztgs=
github.com/greatfocus/gf-frame v1.0.0-beta5 h1:mHI2D5iNlGQ8iJGHm307hI/wf3oz77bvvll5+Cv2n/E=
github.com/greatfocus/gf-frame v1.0.0-beta5/go.mod h1:mAVrDr1OpkplaiHwW+g+hWUEcDXdKvKGamsscoGztgs=
github.com/greatfocus/gf-frame v1.0.0-beta7 h1:xCGG9WW1SypLyzxwcf3guCEnUox6vYvoJBTCdNDtZLw=
github.com/greatfocus/gf-frame v1.0.0-beta7/go.mod h1:mAVrDr1OpkplaiHwW+g+hWUEcDXdKvKGamsscoGztgs=
github.com/greatfocus/gf-frame v1.0.0-beta8 h1:c+ABJKozuTv6NAVupuVzgBtXM2D2whKCQrtBwx22Dy8=
github.com/greatfocus/gf-frame v1.0.0-beta8/go.mod h1:mAVrDr1OpkplaiHwW+g+hWUEcDXdKvKGamsscoGztgs=
github.com/greatfocus/gf-frame v1.0.0-beta9 h1:E/Hb6ThOQA95dwC6s8xz8rn4kDzNIHGQaKy7oEJstwE=
github.com/greatfocus/gf-frame v1.0.0-beta9/go.mod h1:mAVrDr1OpkplaiHwW+g+hWUEcDXdKvKGamsscoGztgs=
github.com/greatfocus/gf-frame v1.3.1 h1:Dp0oLyanvDzTMeNPD1zIy58BXMpHHpNFw4fiIF+Yc8M=
github.com/greatfocus/gf-frame v1.3.1/go.mod h1:BW0UUV65yBOvnYbklR8nF1ikuyBqG6fyXt2K+LDQEe8=
github.com/greatfocus/gf-frame v1.3.2 h1:KliAwTORxmO7rS4ccsbAngH3BJ/UnkUN7UiFioUDWBs=
github.com/greatfocus/gf-frame v1.3.2/go.mod h1:gBfmDUBhYhGLid8jvKRwbU+Jha019mVAS9PSG1shzIg=
github.com/greatfocus/gf-frame v1.3.3 h1:QBsg6AFdetECoADQslh/B4qNiqoiu8+4OdrWsYzGn+0=
github.com/greatfocus/gf-frame v1.3.3/go.mod h1:gBfmDUBhYhGLid8jvKRwbU+Jha019mVAS9PSG1shzIg=
github.com/greatfocus/gf-frame v1.3.4 h1:lGM/jhsRrV/33vcqg7pArQ+wPfcOQfrKWUUFfsORI0k=
github.com/greatfocus/gf-frame v1.3.4/go.mod h1:gBfmDUBhYhGLid8jvKRwbU+Jha019mVAS9PSG1shzIg=
github.com/greatfocus/gf-frame v1.3.5 h1:GBuTemC8Yd4Efv1NfzhjYNsSMNAdNj6YnaV1W1sJCO8=
github.com/greatfocus/gf-frame v1.3.5/go.mod h1:gBfmDUBhYhGLid8jvKRwbU+Jha019mVAS9PSG1shzIg=
github.com/greatfocus/gf-frame v1.3.6 h1:iMkh76iPsef3E8GHLkDLDo7jpulYC2rYOJjA2u+l/K4=
github.com/greatfocus/gf-frame v1.3.6/go.mod h1:gBfmDUBhYhGLid8jvKRwbU+Jha019mVAS9PSG1shzIg=
github.com/greatfocus/gf-frame v1.3.7 h1:xhaM0ifM/I0aAXFkjnHUvH/cf3AIiyxUEbioJ6PfLrs=
github.com/greatfocus/gf-frame v1.3.7/go.mod h1:gBfmDUBhYhGLid8jvKRwbU+Jha019mVAS9PSG1shzIg=
github.com/greatfocus/gf-frame v1.3.8 h1:OBHshlnya2qsLlG429CI/jS26d9QBZutj6lnRx2qrpY=
github.com/greatfocus/gf-frame v1.3.8/go.mod h1:gBfmDUBhYhGLid8jvKRwbU+Jha019mVAS9PSG1shzIg=
github.com/greatfocus/gf-frame v1.3.9 h1:CKjX7ssVWO3jW+IOCRxwsxe7tplp1eKMlDJsmDkjUsI=
github.com/greatfocus/gf-frame v1.3.9/go.mod h1:gBfmDUBhYhGLid8jvKRwbU+Jha019mVAS9PSG1shzIg=
github.com/greatfocus/gf-frame v1.4.0 h1:/fn7xM3IKPsr6ZOmC/PIHIqvF/ZcsHtnO4sWTnCFeXY=
github.com/greatfocus/gf-frame v1.4.0/go.mod h1:gBfmDUBhYhGLid8jvKRwbU+Jha019mVAS9PSG1shzIg=
github.com/greatfocus/gf-frame v1.4.1 h1:nDn8YJg1je5XjXQPlDigTJlbbV853G1A9Hg4d1CJu4M=
github.com/greatfocus/gf-frame v1.4.1/go.mod h1:gBfmDUBhYhGLid8jvKRwbU+Jha019mVAS9PSG1shzIg=
github.com/greatfocus/gf-frame v1.4.5 h1:xrlv9dRGBaUxrr+FZmsMuGlvDOdywD2ikZoOPnyfYlc=
github.com/greatfocus/gf-frame v1.4.5/go.mod h1:5eqSB5srdtHmMuyCdP2lA8dVoEmKFfPNIwnw9xSFegc=
github.com/greatfocus/gf-frame v1.4.6 h1:Omzrmih8rSspYUdXvPPpVJrFfoprPuDWxIVPQUwHNu8=
github.com/greatfocus/gf-frame v1.4.6/go.mod h1:5eqSB5srdtHmMuyCdP2lA8dVoEmKFfPNIwnw9xSFegc=
github.com/greatfocus/gf-frame v1.4.7 h1:Mcy5awcZ1R3tW8+vX8rF2S0cIweAx/hTjjfVW+cZqW8=
github.com/greatfocus/gf-frame v1.4.7/go.mod h1:5eqSB5srdtHmMuyCdP2lA8dVoEmKFfPNIwnw9xSFegc=
github.com/greatfocus/gf-frame v1.4.8 h1:5YwxNA+ei24Ivl9xUjs8XYrlZp6yJngAuH27VctcD5k=
github.com/greatfocus/gf-frame v1.4.8/go.mod h1:5eqSB5srdtHmMuyCdP2lA8dVoEmKFfPNIwnw9xSFegc=
github.com/greatfocus/gf-frame v1.5.1 h1:il9zFPQwI3OKPHAs0s5TjWywKxYjmdAWcynLLyh/v5I=
github.com/greatfocus/gf-frame v1.5.1/go.mod h1:5eqSB5srdtHmMuyCdP2lA8dVoEmKFfPNIwnw9xSFegc=
github.com/greatfocus/gf-frame v1.5.4-0.20200906185047-9c8762bf506c h1:sGgPWSYZwT5GaTm4SU14Nrp4lMaSEhVvICXjQhfa6A0=
github.com/greatfocus/gf-frame v1.5.4-0.20200906185047-9c8762bf506c/go.mod h1:5eqSB5srdtHmMuyCdP2lA8dVoEmKFfPNIwnw9xSFegc=
github.com/greatfocus/gf-frame v1.5.5 h1:Untj1e7+JJd2t2fS03L+Jt1pmV7Ryam9FM7Oj9mH1fo=
github.com/greatfocus/gf-frame v1.5.5/go.mod h1:mAVrDr1OpkplaiHwW+g+hWUEcDXdKvKGamsscoGztgs=
github.com/greatfocus/gf-frame v1.5.6 h1:Oq9SuhqfPrcBnA3FBFyVVt3fTwydcJu9amHaPhAoeqA=
github.com/greatfocus/gf-frame v1.5.6/go.mod h1:mAVrDr1OpkplaiHwW+g+hWUEcDXdKvKGamsscoGztgs=
github.com/greatfocus/gf-frame v1.5.7 h1:nFDeqWomGsYluLf9DTD/nu9fQ1QgvLUT7swbs/GeEB0=
github.com/greatfocus/gf-frame v1.5.7/go.mod h1:mAVrDr1OpkplaiHwW+g+hWUEcDXdKvKGamsscoGztgs=
github.com/greatfocus/gf-frame v1.5.8 h1:/DuNh86pM9oTYgtg6Ul9gw5T2l7RrhwAiDiTq6yo/vQ=
github.com/greatfocus/gf-frame v1.5.8/go.mod h1:mAVrDr1OpkplaiHwW+g+hWUEcDXdKvKGamsscoGztgs=
github.com/greatfocus/gf-frame v1.5.9 h1:YU4eqJje8sQE1+a/EQmtkkwJ40fvMDngFGWiuuhgK7o=
github.com/greatfocus/gf-frame v1.5.9/go.mod h1:mAVrDr1OpkplaiHwW+g+hWUEcDXdKvKGamsscoGztgs=
github.com/greatfocus/gf-frame v1.5.10 h1:oGw9I2oYYDBpMsw44YXlP5xhZK8ljKTLA/Rs+1o7LYc=
github.com/greatfocus/gf-frame v1.5.10/go.mod h1:mAVrDr1OpkplaiHwW+g+hWUEcDXdKvKGamsscoGztgs=
github.com/greatfocus/gf-frame v1.5.11 h1:TRRIfU+ywJQC6pZAoTpgqRjKSuDeGsDQReh7+ex2gH4=
github.com/greatfocus/gf-frame v1.5.11/go.mod h1:mAVrDr1OpkplaiHwW+g+hWUEcDXdKvKGamsscoGztgs=
github.com/greatfocus/gf-frame v1.5.12 h1:DCji0dmJHdelcxia3U3pcId+1rWQn4mHMcoL7i62/FY=
github.com/greatfocus/gf-frame v1.5.12/go.mod h1:mAVrDr1OpkplaiHwW+g+hWUEcDXdKvKGamsscoGztgs=
github.com/lib/pq v1.7.0 h1:h93mCPfUSkaul3Ka/VG8uZdmW1uMHDGxzu0NWHuJmHY=
github.com/lib/pq v1.7.0/go.mod h1:AlVN5x4E4T544tWzH6hKfbfQvm3HdbOxrmggDNAPY9o=
github.com/lib/pq v1.7.1 h1:FvD5XTVTDt+KON6oIoOmHq6B6HzGuYEhuTMpEG0yuBQ=
github.com/lib/pq v1.7.1/go.mod h1:AlVN5x4E4T544tWzH6hKfbfQvm3HdbOxrmggDNAPY9o=
golang.org/x/crypto v0.0.0-20190308221718-c2843e01d9a2/go.mod h1:djNgcEr1/C05ACkg1iLfiJU5Ep61QUkGW8qpdssI0+w=
golang.org/x/crypto v0.0.0-20200622213623-75b288015ac9 h1:psW17arqaxU48Z5kZ0CQnkZWQJsqcURM6tKiBApRjXI=
golang.org/x/crypto v0.0.0-20200622213623-75b288015ac9/go.mod h1:LzIPMQfyMNhhGPhUkYOs5KpL4U8rLKemX1yGLhDgUto=
golang.org/x/crypto v0.0.0-20200709230013-948cd5f35899 h1:DZhuSZLsGlFL4CmhA8BcRA0mnthyA/nZ00AqCUo7vHg=
golang.org/x/crypto v0.0.0-20200709230013-948cd5f35899/go.mod h1:LzIPMQfyMNhhGPhUkYOs5KpL4U8rLKemX1yGLhDgUto=
golang.org/x/net v0.0.0-20190404232315-eb5bcb51f2a3/go.mod h1:t9HGtf8HONx5eT2rtn7q6eTqICYqUVnKs3thJo3Qplg=
golang.org/x/sys v0.0.0-20190215142949-d0b11bdaac8a/go.mod h1:STP8DvDyc/dI5b8T5hshtkjS+E42TnysNCUPdjciGhY=
golang.org/x/sys v0.0.0-20190412213103-97732733099d/go.mod h1:h1NjWce9XRLGQEsW7wpKNCjG9DtNlClVuFLEZdDNbEs=
golang.org/x/text v0.3.0/go.mod h1:NqM8EUOU14njkJ3fqMW+pc6Ldnwhi/IjpwHt7yyuwOQ=
golang.org/x/time v0.0.0-20200630173020-3af7569d3a1e h1:EHBhcS0mlXEAVwNyO2dLfjToGsyY4j24pTs2ScHnX7s=
golang.org/x/time v0.0.0-20200630173020-3af7569d3a1e/go.mod h1:tRJNPiyCQ0inRvYxbN9jk5I+vvW/OXSQhTDSoE431IQ=
